{
  "version": "2",
  "remote": {
    "https://deno.land/std@0.191.0/_util/asserts.ts": "178dfc49a464aee693a7e285567b3d0b555dc805ff490505a8aae34f9cfb1462",
    "https://deno.land/std@0.191.0/_util/os.ts": "d932f56d41e4f6a6093d56044e29ce637f8dcc43c5a90af43504a889cf1775e3",
    "https://deno.land/std@0.191.0/collections/_utils.ts": "5114abc026ddef71207a79609b984614e66a63a4bda17d819d56b0e72c51527e",
    "https://deno.land/std@0.191.0/collections/chunk.ts": "541f4b537109163f859e7b2e2ff6245669cf4d7feaeae9674b01e1acf3929291",
    "https://deno.land/std@0.191.0/collections/deep_merge.ts": "5a8ed29030f4471a5272785c57c3455fa79697b9a8f306013a8feae12bafc99a",
    "https://deno.land/std@0.191.0/collections/partition.ts": "98530a323a635d2a0d8a829bbdedeb02b2a9993a9ae11f2927a838fc0d64b9fa",
    "https://deno.land/std@0.191.0/flags/mod.ts": "17f444ddbee43c5487568de0c6a076c7729cfe90d96d2ffcd2b8f8adadafb6e8",
    "https://deno.land/std@0.191.0/fmt/colors.ts": "d67e3cd9f472535241a8e410d33423980bec45047e343577554d3356e1f0ef4e",
    "https://deno.land/std@0.191.0/path/_constants.ts": "e49961f6f4f48039c0dfed3c3f93e963ca3d92791c9d478ac5b43183413136e0",
    "https://deno.land/std@0.191.0/path/_interface.ts": "6471159dfbbc357e03882c2266d21ef9afdb1e4aa771b0545e90db58a0ba314b",
    "https://deno.land/std@0.191.0/path/_util.ts": "d7abb1e0dea065f427b89156e28cdeb32b045870acdf865833ba808a73b576d0",
    "https://deno.land/std@0.191.0/path/common.ts": "ee7505ab01fd22de3963b64e46cff31f40de34f9f8de1fff6a1bd2fe79380000",
    "https://deno.land/std@0.191.0/path/glob.ts": "d479e0a695621c94d3fd7fe7abd4f9499caf32a8de13f25073451c6ef420a4e1",
    "https://deno.land/std@0.191.0/path/mod.ts": "f065032a7189404fdac3ad1a1551a9ac84751d2f25c431e101787846c86c79ef",
    "https://deno.land/std@0.191.0/path/posix.ts": "8b7c67ac338714b30c816079303d0285dd24af6b284f7ad63da5b27372a2c94d",
    "https://deno.land/std@0.191.0/path/separator.ts": "0fb679739d0d1d7bf45b68dacfb4ec7563597a902edbaf3c59b50d5bcadd93b1",
    "https://deno.land/std@0.191.0/path/win32.ts": "d186344e5583bcbf8b18af416d13d82b35a317116e6460a5a3953508c3de5bba",
    "https://deno.land/std@0.191.0/testing/_diff.ts": "1a3c044aedf77647d6cac86b798c6417603361b66b54c53331b312caeb447aea",
    "https://deno.land/std@0.191.0/testing/_format.ts": "a69126e8a469009adf4cf2a50af889aca364c349797e63174884a52ff75cf4c7",
    "https://deno.land/std@0.191.0/testing/asserts.ts": "e16d98b4d73ffc4ed498d717307a12500ae4f2cbe668f1a215632d19fcffc22f",
    "https://deno.land/std@0.191.0/toml/_parser.ts": "ca98edfbdbc5741734134548db65d4c10ba60abbd739f10f949aa912664fd86e",
    "https://deno.land/std@0.191.0/toml/mod.ts": "b7127578e29155a91a45991e098a5478e6c61d0a4fbd2a99fd08b9043cab2ba1",
    "https://deno.land/std@0.191.0/toml/parse.ts": "e900bafdf35d802519842a303e07a62ea5282186960b3474e8083509ab1c7f0d",
    "https://deno.land/std@0.191.0/toml/stringify.ts": "be8c9182353f80234cf296ca26d4e605b4672e35a2aa0648cc942b5605d4bc1d",
    "https://esm.sh/date.js@0.3.3": "247dfb33e0d685b334307fe543d2587799c0176196076da594e6c9516c01d8f5",
    "https://esm.sh/luxon@3.2.1": "b2f2f17ddefbf622a0d8d9c6737b5ed22b3d36afe3db685c076aaac195991aee",
    "https://esm.sh/v125/@types/luxon@3.2.2/index.d.ts": "958b5c00a56aea02c5f16404210310078be94f69cf665e55dc6014b681f94113",
    "https://esm.sh/v125/@types/luxon@3.2.2/src/datetime.d.ts": "252b83c59d2fbd81d8be6fbccc396640e039e582ccf84c40174997642365df7b",
    "https://esm.sh/v125/@types/luxon@3.2.2/src/duration.d.ts": "eaab462d6ee6b8c90945c86617b735ae77142f16aa9286d963e0844dcd878ce7",
    "https://esm.sh/v125/@types/luxon@3.2.2/src/info.d.ts": "c27326b5bf1178527607c02f58a9feb0514b3f405f1bcfe3c6e834a60d2de21d",
    "https://esm.sh/v125/@types/luxon@3.2.2/src/interval.d.ts": "dae1fec0eb5c061fa621cd4bc8da0fcc5a148ae5fda4b052164993b661019eaa",
    "https://esm.sh/v125/@types/luxon@3.2.2/src/luxon.d.ts": "ebed01e1aa27660d0582fbd2afaee058feae47e7df0a760227736ec4224ac57d",
    "https://esm.sh/v125/@types/luxon@3.2.2/src/misc.d.ts": "52ed17fe2c0a4bb27a4f13e99234b3d1f364dc27f9bd7964946d5ec62792a0cc",
    "https://esm.sh/v125/@types/luxon@3.2.2/src/settings.d.ts": "c41efd4ad5e2cc87301c9bc2d9a7c7e6da4309b48eb4bf13e7992a7bc57c10a9",
    "https://esm.sh/v125/@types/luxon@3.2.2/src/zone.d.ts": "45938045285af93edb0065d83c44410e18b34fd1285b5ce46e025a46d5042a46",
    "https://esm.sh/v125/date.js@0.3.3/denonext/date.mjs": "c83192212e8ab14d85d9c1f5dc0c60c73261e6970930ae8493800e90175e94a1",
    "https://esm.sh/v125/debug@3.1.0/denonext/debug.mjs": "4682d1e4b82ba16739bb5932f4d3560f79af3776f63445bcf98c39644287614e",
    "https://esm.sh/v125/luxon@3.2.1/denonext/luxon.mjs": "593ff24b44e0b1a666f99c434f67c4af7e6449fe5ecffb4b2e0cfa40ebfd5934",
    "https://esm.sh/v125/ms@2.0.0/denonext/ms.mjs": "3d3c2d9fc775a062db98f0d6da4e660539a5a2f3fc30a017f8381c48e06eb547"
  },
  "npm": {
    "specifiers": {
      "@types/node": "@types/node@18.11.18"
    },
    "packages": {
      "@types/node@18.11.18": {
        "integrity": "sha512-DHQpWGjyQKSHj3ebjFI/wRKcqQcdR+MoFBygntYOZytCqNfkd2ZC4ARDJ2DQqhjH5p85Nnd3jhUJIXrszFX/JA==",
        "dependencies": {}
      }
    }
  }
}
